// !$*UTF8*$!
{
	archiveVersion = 1;
	classes = {
	};
	objectVersion = 56;
	objects = {

/* Begin PBXBuildFile section */
		E910B6C22C866BA800BA2C24 /* SeeVinylView.swift in Sources */ = {isa = PBXBuildFile; fileRef = E910B6C12C866BA800BA2C24 /* SeeVinylView.swift */; };
		E910B6C42C8673D400BA2C24 /* ArtistView.swift in Sources */ = {isa = PBXBuildFile; fileRef = E910B6C32C8673D400BA2C24 /* ArtistView.swift */; };
		E910B6C62C8674D000BA2C24 /* ListArtistView.swift in Sources */ = {isa = PBXBuildFile; fileRef = E910B6C52C8674D000BA2C24 /* ListArtistView.swift */; };
		E951F34E2C80A98200AB25FF /* Vinyl.swift in Sources */ = {isa = PBXBuildFile; fileRef = E951F34D2C80A98200AB25FF /* Vinyl.swift */; };
		E951F3502C80AA6100AB25FF /* Artist.swift in Sources */ = {isa = PBXBuildFile; fileRef = E951F34F2C80AA6100AB25FF /* Artist.swift */; };
		E951F3522C80AAA500AB25FF /* Album.swift in Sources */ = {isa = PBXBuildFile; fileRef = E951F3512C80AAA500AB25FF /* Album.swift */; };
		E951F3542C80AAB200AB25FF /* Track.swift in Sources */ = {isa = PBXBuildFile; fileRef = E951F3532C80AAB200AB25FF /* Track.swift */; };
		E951F3562C80AABD00AB25FF /* LabelGroup.swift in Sources */ = {isa = PBXBuildFile; fileRef = E951F3552C80AABD00AB25FF /* LabelGroup.swift */; };
		E951F3582C80AACA00AB25FF /* Bought.swift in Sources */ = {isa = PBXBuildFile; fileRef = E951F3572C80AACA00AB25FF /* Bought.swift */; };
		E951F35A2C80AAD900AB25FF /* PocketState.swift in Sources */ = {isa = PBXBuildFile; fileRef = E951F3592C80AAD900AB25FF /* PocketState.swift */; };
		E951F35C2C80AADE00AB25FF /* VinylState.swift in Sources */ = {isa = PBXBuildFile; fileRef = E951F35B2C80AADE00AB25FF /* VinylState.swift */; };
		E951F35E2C80AAEB00AB25FF /* ReadSpeed.swift in Sources */ = {isa = PBXBuildFile; fileRef = E951F35D2C80AAEB00AB25FF /* ReadSpeed.swift */; };
		E951F3602C80AAF700AB25FF /* Credit.swift in Sources */ = {isa = PBXBuildFile; fileRef = E951F35F2C80AAF700AB25FF /* Credit.swift */; };
		E951F3632C80B0D800AB25FF /* AddOrEditVinylView.swift in Sources */ = {isa = PBXBuildFile; fileRef = E951F3622C80B0D800AB25FF /* AddOrEditVinylView.swift */; };
		E951F3652C80BC6200AB25FF /* ListVinylView.swift in Sources */ = {isa = PBXBuildFile; fileRef = E951F3642C80BC6200AB25FF /* ListVinylView.swift */; };
		E951F3672C80BE6600AB25FF /* Previewer.swift in Sources */ = {isa = PBXBuildFile; fileRef = E951F3662C80BE6600AB25FF /* Previewer.swift */; };
		E951F36A2C8201B400AB25FF /* DatePickerOptional.swift in Sources */ = {isa = PBXBuildFile; fileRef = E951F3692C8201B400AB25FF /* DatePickerOptional.swift */; };
		E951F36F2C825A3700AB25FF /* AddOrEditAlbumView.swift in Sources */ = {isa = PBXBuildFile; fileRef = E951F36E2C825A3700AB25FF /* AddOrEditAlbumView.swift */; };
		E951F3712C825BB500AB25FF /* ListAlbumView.swift in Sources */ = {isa = PBXBuildFile; fileRef = E951F3702C825BB500AB25FF /* ListAlbumView.swift */; };
		E951F3792C83510000AB25FF /* AddOrEditLabelView.swift in Sources */ = {isa = PBXBuildFile; fileRef = E951F3782C83510000AB25FF /* AddOrEditLabelView.swift */; };
		E951F37B2C83511500AB25FF /* ListLabelView.swift in Sources */ = {isa = PBXBuildFile; fileRef = E951F37A2C83511500AB25FF /* ListLabelView.swift */; };
		E951F3802C83577C00AB25FF /* AddOrEditBoughtView.swift in Sources */ = {isa = PBXBuildFile; fileRef = E951F37F2C83577C00AB25FF /* AddOrEditBoughtView.swift */; };
		E951F3822C83578500AB25FF /* ListBoughtView.swift in Sources */ = {isa = PBXBuildFile; fileRef = E951F3812C83578500AB25FF /* ListBoughtView.swift */; };
		E951F3842C84826400AB25FF /* AddOrEditArtistView.swift in Sources */ = {isa = PBXBuildFile; fileRef = E951F3832C84826400AB25FF /* AddOrEditArtistView.swift */; };
		E951F3862C84827200AB25FF /* ListContextArtistView.swift in Sources */ = {isa = PBXBuildFile; fileRef = E951F3852C84827100AB25FF /* ListContextArtistView.swift */; };
		E951F3882C848CDB00AB25FF /* AddOrEditCreditView.swift in Sources */ = {isa = PBXBuildFile; fileRef = E951F3872C848CDB00AB25FF /* AddOrEditCreditView.swift */; };
		E951F38C2C84A6FF00AB25FF /* AddOrEditTrackView.swift in Sources */ = {isa = PBXBuildFile; fileRef = E951F38B2C84A6FF00AB25FF /* AddOrEditTrackView.swift */; };
		E951F38F2C84B62300AB25FF /* VinylView.swift in Sources */ = {isa = PBXBuildFile; fileRef = E951F38E2C84B62300AB25FF /* VinylView.swift */; };
		E951F39B2C85008600AB25FF /* Utils.swift in Sources */ = {isa = PBXBuildFile; fileRef = E951F39A2C85008600AB25FF /* Utils.swift */; };
		E9D3B7232C6A3D0A00862236 /* VinylventoryApp.swift in Sources */ = {isa = PBXBuildFile; fileRef = E9D3B7222C6A3D0A00862236 /* VinylventoryApp.swift */; };
		E9D3B7252C6A3D0A00862236 /* ContentView.swift in Sources */ = {isa = PBXBuildFile; fileRef = E9D3B7242C6A3D0A00862236 /* ContentView.swift */; };
		E9D3B7272C6A3D0B00862236 /* Assets.xcassets in Resources */ = {isa = PBXBuildFile; fileRef = E9D3B7262C6A3D0B00862236 /* Assets.xcassets */; };
		E9D3B72A2C6A3D0B00862236 /* Preview Assets.xcassets in Resources */ = {isa = PBXBuildFile; fileRef = E9D3B7292C6A3D0B00862236 /* Preview Assets.xcassets */; };
		E9D3B7342C6A3D0B00862236 /* VinylventoryTests.swift in Sources */ = {isa = PBXBuildFile; fileRef = E9D3B7332C6A3D0B00862236 /* VinylventoryTests.swift */; };
		E9D3B73E2C6A3D0B00862236 /* VinylventoryUITests.swift in Sources */ = {isa = PBXBuildFile; fileRef = E9D3B73D2C6A3D0B00862236 /* VinylventoryUITests.swift */; };
		E9D3B7402C6A3D0B00862236 /* VinylventoryUITestsLaunchTests.swift in Sources */ = {isa = PBXBuildFile; fileRef = E9D3B73F2C6A3D0B00862236 /* VinylventoryUITestsLaunchTests.swift */; };
/* End PBXBuildFile section */

/* Begin PBXContainerItemProxy section */
		E9D3B7302C6A3D0B00862236 /* PBXContainerItemProxy */ = {
			isa = PBXContainerItemProxy;
			containerPortal = E9D3B7172C6A3D0A00862236 /* Project object */;
			proxyType = 1;
			remoteGlobalIDString = E9D3B71E2C6A3D0A00862236;
			remoteInfo = Vinylventory;
		};
		E9D3B73A2C6A3D0B00862236 /* PBXContainerItemProxy */ = {
			isa = PBXContainerItemProxy;
			containerPortal = E9D3B7172C6A3D0A00862236 /* Project object */;
			proxyType = 1;
			remoteGlobalIDString = E9D3B71E2C6A3D0A00862236;
			remoteInfo = Vinylventory;
		};
/* End PBXContainerItemProxy section */

/* Begin PBXFileReference section */
		E910B6C12C866BA800BA2C24 /* SeeVinylView.swift */ = {isa = PBXFileReference; lastKnownFileType = sourcecode.swift; path = SeeVinylView.swift; sourceTree = "<group>"; };
		E910B6C32C8673D400BA2C24 /* ArtistView.swift */ = {isa = PBXFileReference; lastKnownFileType = sourcecode.swift; path = ArtistView.swift; sourceTree = "<group>"; };
		E910B6C52C8674D000BA2C24 /* ListArtistView.swift */ = {isa = PBXFileReference; lastKnownFileType = sourcecode.swift; path = ListArtistView.swift; sourceTree = "<group>"; };
		E951F34D2C80A98200AB25FF /* Vinyl.swift */ = {isa = PBXFileReference; lastKnownFileType = sourcecode.swift; path = Vinyl.swift; sourceTree = "<group>"; };
		E951F34F2C80AA6100AB25FF /* Artist.swift */ = {isa = PBXFileReference; lastKnownFileType = sourcecode.swift; path = Artist.swift; sourceTree = "<group>"; };
		E951F3512C80AAA500AB25FF /* Album.swift */ = {isa = PBXFileReference; lastKnownFileType = sourcecode.swift; path = Album.swift; sourceTree = "<group>"; };
		E951F3532C80AAB200AB25FF /* Track.swift */ = {isa = PBXFileReference; lastKnownFileType = sourcecode.swift; path = Track.swift; sourceTree = "<group>"; };
		E951F3552C80AABD00AB25FF /* LabelGroup.swift */ = {isa = PBXFileReference; lastKnownFileType = sourcecode.swift; path = LabelGroup.swift; sourceTree = "<group>"; };
		E951F3572C80AACA00AB25FF /* Bought.swift */ = {isa = PBXFileReference; lastKnownFileType = sourcecode.swift; path = Bought.swift; sourceTree = "<group>"; };
		E951F3592C80AAD900AB25FF /* PocketState.swift */ = {isa = PBXFileReference; lastKnownFileType = sourcecode.swift; path = PocketState.swift; sourceTree = "<group>"; };
		E951F35B2C80AADE00AB25FF /* VinylState.swift */ = {isa = PBXFileReference; lastKnownFileType = sourcecode.swift; path = VinylState.swift; sourceTree = "<group>"; };
		E951F35D2C80AAEB00AB25FF /* ReadSpeed.swift */ = {isa = PBXFileReference; lastKnownFileType = sourcecode.swift; path = ReadSpeed.swift; sourceTree = "<group>"; };
		E951F35F2C80AAF700AB25FF /* Credit.swift */ = {isa = PBXFileReference; lastKnownFileType = sourcecode.swift; path = Credit.swift; sourceTree = "<group>"; };
		E951F3622C80B0D800AB25FF /* AddOrEditVinylView.swift */ = {isa = PBXFileReference; lastKnownFileType = sourcecode.swift; path = AddOrEditVinylView.swift; sourceTree = "<group>"; };
		E951F3642C80BC6200AB25FF /* ListVinylView.swift */ = {isa = PBXFileReference; lastKnownFileType = sourcecode.swift; path = ListVinylView.swift; sourceTree = "<group>"; };
		E951F3662C80BE6600AB25FF /* Previewer.swift */ = {isa = PBXFileReference; lastKnownFileType = sourcecode.swift; path = Previewer.swift; sourceTree = "<group>"; };
		E951F3692C8201B400AB25FF /* DatePickerOptional.swift */ = {isa = PBXFileReference; lastKnownFileType = sourcecode.swift; path = DatePickerOptional.swift; sourceTree = "<group>"; };
		E951F36B2C8204D800AB25FF /* Vinylventory.entitlements */ = {isa = PBXFileReference; fileEncoding = 4; lastKnownFileType = text.plist.entitlements; path = Vinylventory.entitlements; sourceTree = "<group>"; };
		E951F36E2C825A3700AB25FF /* AddOrEditAlbumView.swift */ = {isa = PBXFileReference; lastKnownFileType = sourcecode.swift; path = AddOrEditAlbumView.swift; sourceTree = "<group>"; };
		E951F3702C825BB500AB25FF /* ListAlbumView.swift */ = {isa = PBXFileReference; lastKnownFileType = sourcecode.swift; path = ListAlbumView.swift; sourceTree = "<group>"; };
		E951F3782C83510000AB25FF /* AddOrEditLabelView.swift */ = {isa = PBXFileReference; lastKnownFileType = sourcecode.swift; path = AddOrEditLabelView.swift; sourceTree = "<group>"; };
		E951F37A2C83511500AB25FF /* ListLabelView.swift */ = {isa = PBXFileReference; lastKnownFileType = sourcecode.swift; path = ListLabelView.swift; sourceTree = "<group>"; };
		E951F37F2C83577C00AB25FF /* AddOrEditBoughtView.swift */ = {isa = PBXFileReference; lastKnownFileType = sourcecode.swift; path = AddOrEditBoughtView.swift; sourceTree = "<group>"; };
		E951F3812C83578500AB25FF /* ListBoughtView.swift */ = {isa = PBXFileReference; lastKnownFileType = sourcecode.swift; path = ListBoughtView.swift; sourceTree = "<group>"; };
		E951F3832C84826400AB25FF /* AddOrEditArtistView.swift */ = {isa = PBXFileReference; lastKnownFileType = sourcecode.swift; path = AddOrEditArtistView.swift; sourceTree = "<group>"; };
		E951F3852C84827100AB25FF /* ListContextArtistView.swift */ = {isa = PBXFileReference; lastKnownFileType = sourcecode.swift; path = ListContextArtistView.swift; sourceTree = "<group>"; };
		E951F3872C848CDB00AB25FF /* AddOrEditCreditView.swift */ = {isa = PBXFileReference; lastKnownFileType = sourcecode.swift; path = AddOrEditCreditView.swift; sourceTree = "<group>"; };
		E951F38B2C84A6FF00AB25FF /* AddOrEditTrackView.swift */ = {isa = PBXFileReference; lastKnownFileType = sourcecode.swift; path = AddOrEditTrackView.swift; sourceTree = "<group>"; };
		E951F38E2C84B62300AB25FF /* VinylView.swift */ = {isa = PBXFileReference; lastKnownFileType = sourcecode.swift; path = VinylView.swift; sourceTree = "<group>"; };
		E951F39A2C85008600AB25FF /* Utils.swift */ = {isa = PBXFileReference; fileEncoding = 4; lastKnownFileType = sourcecode.swift; path = Utils.swift; sourceTree = "<group>"; };
		E9D3B71F2C6A3D0A00862236 /* Vinylventory.app */ = {isa = PBXFileReference; explicitFileType = wrapper.application; includeInIndex = 0; path = Vinylventory.app; sourceTree = BUILT_PRODUCTS_DIR; };
		E9D3B7222C6A3D0A00862236 /* VinylventoryApp.swift */ = {isa = PBXFileReference; lastKnownFileType = sourcecode.swift; path = VinylventoryApp.swift; sourceTree = "<group>"; };
		E9D3B7242C6A3D0A00862236 /* ContentView.swift */ = {isa = PBXFileReference; lastKnownFileType = sourcecode.swift; path = ContentView.swift; sourceTree = "<group>"; };
		E9D3B7262C6A3D0B00862236 /* Assets.xcassets */ = {isa = PBXFileReference; lastKnownFileType = folder.assetcatalog; path = Assets.xcassets; sourceTree = "<group>"; };
		E9D3B7292C6A3D0B00862236 /* Preview Assets.xcassets */ = {isa = PBXFileReference; lastKnownFileType = folder.assetcatalog; path = "Preview Assets.xcassets"; sourceTree = "<group>"; };
		E9D3B72F2C6A3D0B00862236 /* VinylventoryTests.xctest */ = {isa = PBXFileReference; explicitFileType = wrapper.cfbundle; includeInIndex = 0; path = VinylventoryTests.xctest; sourceTree = BUILT_PRODUCTS_DIR; };
		E9D3B7332C6A3D0B00862236 /* VinylventoryTests.swift */ = {isa = PBXFileReference; lastKnownFileType = sourcecode.swift; path = VinylventoryTests.swift; sourceTree = "<group>"; };
		E9D3B7392C6A3D0B00862236 /* VinylventoryUITests.xctest */ = {isa = PBXFileReference; explicitFileType = wrapper.cfbundle; includeInIndex = 0; path = VinylventoryUITests.xctest; sourceTree = BUILT_PRODUCTS_DIR; };
		E9D3B73D2C6A3D0B00862236 /* VinylventoryUITests.swift */ = {isa = PBXFileReference; lastKnownFileType = sourcecode.swift; path = VinylventoryUITests.swift; sourceTree = "<group>"; };
		E9D3B73F2C6A3D0B00862236 /* VinylventoryUITestsLaunchTests.swift */ = {isa = PBXFileReference; lastKnownFileType = sourcecode.swift; path = VinylventoryUITestsLaunchTests.swift; sourceTree = "<group>"; };
/* End PBXFileReference section */

/* Begin PBXFrameworksBuildPhase section */
		E9D3B71C2C6A3D0A00862236 /* Frameworks */ = {
			isa = PBXFrameworksBuildPhase;
			buildActionMask = 2147483647;
			files = (
			);
			runOnlyForDeploymentPostprocessing = 0;
		};
		E9D3B72C2C6A3D0B00862236 /* Frameworks */ = {
			isa = PBXFrameworksBuildPhase;
			buildActionMask = 2147483647;
			files = (
			);
			runOnlyForDeploymentPostprocessing = 0;
		};
		E9D3B7362C6A3D0B00862236 /* Frameworks */ = {
			isa = PBXFrameworksBuildPhase;
			buildActionMask = 2147483647;
			files = (
			);
			runOnlyForDeploymentPostprocessing = 0;
		};
/* End PBXFrameworksBuildPhase section */

/* Begin PBXGroup section */
		E951F3612C80AB6900AB25FF /* Models */ = {
			isa = PBXGroup;
			children = (
				E951F39A2C85008600AB25FF /* Utils.swift */,
				E951F34D2C80A98200AB25FF /* Vinyl.swift */,
				E951F34F2C80AA6100AB25FF /* Artist.swift */,
				E951F3512C80AAA500AB25FF /* Album.swift */,
				E951F3532C80AAB200AB25FF /* Track.swift */,
				E951F3552C80AABD00AB25FF /* LabelGroup.swift */,
				E951F3572C80AACA00AB25FF /* Bought.swift */,
				E951F35F2C80AAF700AB25FF /* Credit.swift */,
				E951F3592C80AAD900AB25FF /* PocketState.swift */,
				E951F35B2C80AADE00AB25FF /* VinylState.swift */,
				E951F35D2C80AAEB00AB25FF /* ReadSpeed.swift */,
			);
			path = Models;
			sourceTree = "<group>";
		};
		E951F3682C80D56900AB25FF /* Views */ = {
			isa = PBXGroup;
			children = (
				E951F38D2C84B60300AB25FF /* Presentation */,
				E951F37E2C83560F00AB25FF /* Track */,
				E951F37D2C8355FE00AB25FF /* Credit */,
				E951F37C2C8355F600AB25FF /* Bought */,
				E951F3772C8350C800AB25FF /* Artist */,
				E951F3762C8350BD00AB25FF /* Label */,
				E951F3752C8350B500AB25FF /* Vinyl */,
				E951F3742C83508600AB25FF /* Album */,
				E9D3B7242C6A3D0A00862236 /* ContentView.swift */,
				E951F3692C8201B400AB25FF /* DatePickerOptional.swift */,
			);
			path = Views;
			sourceTree = "<group>";
		};
		E951F3742C83508600AB25FF /* Album */ = {
			isa = PBXGroup;
			children = (
				E951F36E2C825A3700AB25FF /* AddOrEditAlbumView.swift */,
				E951F3702C825BB500AB25FF /* ListAlbumView.swift */,
			);
			path = Album;
			sourceTree = "<group>";
		};
		E951F3752C8350B500AB25FF /* Vinyl */ = {
			isa = PBXGroup;
			children = (
				E951F3622C80B0D800AB25FF /* AddOrEditVinylView.swift */,
				E951F3642C80BC6200AB25FF /* ListVinylView.swift */,
			);
			path = Vinyl;
			sourceTree = "<group>";
		};
		E951F3762C8350BD00AB25FF /* Label */ = {
			isa = PBXGroup;
			children = (
				E951F3782C83510000AB25FF /* AddOrEditLabelView.swift */,
				E951F37A2C83511500AB25FF /* ListLabelView.swift */,
			);
			path = Label;
			sourceTree = "<group>";
		};
		E951F3772C8350C800AB25FF /* Artist */ = {
			isa = PBXGroup;
			children = (
				E951F3832C84826400AB25FF /* AddOrEditArtistView.swift */,
				E951F3852C84827100AB25FF /* ListContextArtistView.swift */,
				E910B6C52C8674D000BA2C24 /* ListArtistView.swift */,
			);
			path = Artist;
			sourceTree = "<group>";
		};
		E951F37C2C8355F600AB25FF /* Bought */ = {
			isa = PBXGroup;
			children = (
				E951F37F2C83577C00AB25FF /* AddOrEditBoughtView.swift */,
				E951F3812C83578500AB25FF /* ListBoughtView.swift */,
			);
			path = Bought;
			sourceTree = "<group>";
		};
		E951F37D2C8355FE00AB25FF /* Credit */ = {
			isa = PBXGroup;
			children = (
				E951F3872C848CDB00AB25FF /* AddOrEditCreditView.swift */,
			);
			path = Credit;
			sourceTree = "<group>";
		};
		E951F37E2C83560F00AB25FF /* Track */ = {
			isa = PBXGroup;
			children = (
				E951F38B2C84A6FF00AB25FF /* AddOrEditTrackView.swift */,
			);
			path = Track;
			sourceTree = "<group>";
		};
		E951F38D2C84B60300AB25FF /* Presentation */ = {
			isa = PBXGroup;
			children = (
				E951F38E2C84B62300AB25FF /* VinylView.swift */,
				E910B6C12C866BA800BA2C24 /* SeeVinylView.swift */,
				E910B6C32C8673D400BA2C24 /* ArtistView.swift */,
			);
			path = Presentation;
			sourceTree = "<group>";
		};
		E9D3B7162C6A3D0A00862236 = {
			isa = PBXGroup;
			children = (
				E9D3B7212C6A3D0A00862236 /* Vinylventory */,
				E9D3B7322C6A3D0B00862236 /* VinylventoryTests */,
				E9D3B73C2C6A3D0B00862236 /* VinylventoryUITests */,
				E9D3B7202C6A3D0A00862236 /* Products */,
			);
			sourceTree = "<group>";
		};
		E9D3B7202C6A3D0A00862236 /* Products */ = {
			isa = PBXGroup;
			children = (
				E9D3B71F2C6A3D0A00862236 /* Vinylventory.app */,
				E9D3B72F2C6A3D0B00862236 /* VinylventoryTests.xctest */,
				E9D3B7392C6A3D0B00862236 /* VinylventoryUITests.xctest */,
			);
			name = Products;
			sourceTree = "<group>";
		};
		E9D3B7212C6A3D0A00862236 /* Vinylventory */ = {
			isa = PBXGroup;
			children = (
				E951F36B2C8204D800AB25FF /* Vinylventory.entitlements */,
				E951F3612C80AB6900AB25FF /* Models */,
				E951F3682C80D56900AB25FF /* Views */,
				E9D3B7222C6A3D0A00862236 /* VinylventoryApp.swift */,
				E9D3B7262C6A3D0B00862236 /* Assets.xcassets */,
				E9D3B7282C6A3D0B00862236 /* Preview Content */,
				E951F3662C80BE6600AB25FF /* Previewer.swift */,
			);
			path = Vinylventory;
			sourceTree = "<group>";
		};
		E9D3B7282C6A3D0B00862236 /* Preview Content */ = {
			isa = PBXGroup;
			children = (
				E9D3B7292C6A3D0B00862236 /* Preview Assets.xcassets */,
			);
			path = "Preview Content";
			sourceTree = "<group>";
		};
		E9D3B7322C6A3D0B00862236 /* VinylventoryTests */ = {
			isa = PBXGroup;
			children = (
				E9D3B7332C6A3D0B00862236 /* VinylventoryTests.swift */,
			);
			path = VinylventoryTests;
			sourceTree = "<group>";
		};
		E9D3B73C2C6A3D0B00862236 /* VinylventoryUITests */ = {
			isa = PBXGroup;
			children = (
				E9D3B73D2C6A3D0B00862236 /* VinylventoryUITests.swift */,
				E9D3B73F2C6A3D0B00862236 /* VinylventoryUITestsLaunchTests.swift */,
			);
			path = VinylventoryUITests;
			sourceTree = "<group>";
		};
/* End PBXGroup section */

/* Begin PBXNativeTarget section */
		E9D3B71E2C6A3D0A00862236 /* Vinylventory */ = {
			isa = PBXNativeTarget;
			buildConfigurationList = E9D3B7432C6A3D0B00862236 /* Build configuration list for PBXNativeTarget "Vinylventory" */;
			buildPhases = (
				E9D3B71B2C6A3D0A00862236 /* Sources */,
				E9D3B71C2C6A3D0A00862236 /* Frameworks */,
				E9D3B71D2C6A3D0A00862236 /* Resources */,
			);
			buildRules = (
			);
			dependencies = (
			);
			name = Vinylventory;
			packageProductDependencies = (
			);
			productName = Vinylventory;
			productReference = E9D3B71F2C6A3D0A00862236 /* Vinylventory.app */;
			productType = "com.apple.product-type.application";
		};
		E9D3B72E2C6A3D0B00862236 /* VinylventoryTests */ = {
			isa = PBXNativeTarget;
			buildConfigurationList = E9D3B7462C6A3D0B00862236 /* Build configuration list for PBXNativeTarget "VinylventoryTests" */;
			buildPhases = (
				E9D3B72B2C6A3D0B00862236 /* Sources */,
				E9D3B72C2C6A3D0B00862236 /* Frameworks */,
				E9D3B72D2C6A3D0B00862236 /* Resources */,
			);
			buildRules = (
			);
			dependencies = (
				E9D3B7312C6A3D0B00862236 /* PBXTargetDependency */,
			);
			name = VinylventoryTests;
			productName = VinylventoryTests;
			productReference = E9D3B72F2C6A3D0B00862236 /* VinylventoryTests.xctest */;
			productType = "com.apple.product-type.bundle.unit-test";
		};
		E9D3B7382C6A3D0B00862236 /* VinylventoryUITests */ = {
			isa = PBXNativeTarget;
			buildConfigurationList = E9D3B7492C6A3D0B00862236 /* Build configuration list for PBXNativeTarget "VinylventoryUITests" */;
			buildPhases = (
				E9D3B7352C6A3D0B00862236 /* Sources */,
				E9D3B7362C6A3D0B00862236 /* Frameworks */,
				E9D3B7372C6A3D0B00862236 /* Resources */,
			);
			buildRules = (
			);
			dependencies = (
				E9D3B73B2C6A3D0B00862236 /* PBXTargetDependency */,
			);
			name = VinylventoryUITests;
			productName = VinylventoryUITests;
			productReference = E9D3B7392C6A3D0B00862236 /* VinylventoryUITests.xctest */;
			productType = "com.apple.product-type.bundle.ui-testing";
		};
/* End PBXNativeTarget section */

/* Begin PBXProject section */
		E9D3B7172C6A3D0A00862236 /* Project object */ = {
			isa = PBXProject;
			attributes = {
				BuildIndependentTargetsInParallel = 1;
				LastSwiftUpdateCheck = 1540;
				LastUpgradeCheck = 1540;
				TargetAttributes = {
					E9D3B71E2C6A3D0A00862236 = {
						CreatedOnToolsVersion = 15.4;
					};
					E9D3B72E2C6A3D0B00862236 = {
						CreatedOnToolsVersion = 15.4;
						TestTargetID = E9D3B71E2C6A3D0A00862236;
					};
					E9D3B7382C6A3D0B00862236 = {
						CreatedOnToolsVersion = 15.4;
						TestTargetID = E9D3B71E2C6A3D0A00862236;
					};
				};
			};
			buildConfigurationList = E9D3B71A2C6A3D0A00862236 /* Build configuration list for PBXProject "Vinylventory" */;
			compatibilityVersion = "Xcode 14.0";
			developmentRegion = en;
			hasScannedForEncodings = 0;
			knownRegions = (
				en,
				Base,
			);
			mainGroup = E9D3B7162C6A3D0A00862236;
			packageReferences = (
			);
			productRefGroup = E9D3B7202C6A3D0A00862236 /* Products */;
			projectDirPath = "";
			projectRoot = "";
			targets = (
				E9D3B71E2C6A3D0A00862236 /* Vinylventory */,
				E9D3B72E2C6A3D0B00862236 /* VinylventoryTests */,
				E9D3B7382C6A3D0B00862236 /* VinylventoryUITests */,
			);
		};
/* End PBXProject section */

/* Begin PBXResourcesBuildPhase section */
		E9D3B71D2C6A3D0A00862236 /* Resources */ = {
			isa = PBXResourcesBuildPhase;
			buildActionMask = 2147483647;
			files = (
				E9D3B72A2C6A3D0B00862236 /* Preview Assets.xcassets in Resources */,
				E9D3B7272C6A3D0B00862236 /* Assets.xcassets in Resources */,
			);
			runOnlyForDeploymentPostprocessing = 0;
		};
		E9D3B72D2C6A3D0B00862236 /* Resources */ = {
			isa = PBXResourcesBuildPhase;
			buildActionMask = 2147483647;
			files = (
			);
			runOnlyForDeploymentPostprocessing = 0;
		};
		E9D3B7372C6A3D0B00862236 /* Resources */ = {
			isa = PBXResourcesBuildPhase;
			buildActionMask = 2147483647;
			files = (
			);
			runOnlyForDeploymentPostprocessing = 0;
		};
/* End PBXResourcesBuildPhase section */

/* Begin PBXSourcesBuildPhase section */
		E9D3B71B2C6A3D0A00862236 /* Sources */ = {
			isa = PBXSourcesBuildPhase;
			buildActionMask = 2147483647;
			files = (
				E951F34E2C80A98200AB25FF /* Vinyl.swift in Sources */,
				E9D3B7252C6A3D0A00862236 /* ContentView.swift in Sources */,
				E9D3B7232C6A3D0A00862236 /* VinylventoryApp.swift in Sources */,
				E951F39B2C85008600AB25FF /* Utils.swift in Sources */,
				E951F3792C83510000AB25FF /* AddOrEditLabelView.swift in Sources */,
				E951F3882C848CDB00AB25FF /* AddOrEditCreditView.swift in Sources */,
				E951F35E2C80AAEB00AB25FF /* ReadSpeed.swift in Sources */,
				E951F36F2C825A3700AB25FF /* AddOrEditAlbumView.swift in Sources */,
				E951F38F2C84B62300AB25FF /* VinylView.swift in Sources */,
				E951F3842C84826400AB25FF /* AddOrEditArtistView.swift in Sources */,
				E951F35C2C80AADE00AB25FF /* VinylState.swift in Sources */,
				E951F36A2C8201B400AB25FF /* DatePickerOptional.swift in Sources */,
				E951F3582C80AACA00AB25FF /* Bought.swift in Sources */,
				E951F37B2C83511500AB25FF /* ListLabelView.swift in Sources */,
				E951F3822C83578500AB25FF /* ListBoughtView.swift in Sources */,
				E951F38C2C84A6FF00AB25FF /* AddOrEditTrackView.swift in Sources */,
				E951F3502C80AA6100AB25FF /* Artist.swift in Sources */,
				E910B6C42C8673D400BA2C24 /* ArtistView.swift in Sources */,
				E910B6C22C866BA800BA2C24 /* SeeVinylView.swift in Sources */,
				E951F3652C80BC6200AB25FF /* ListVinylView.swift in Sources */,
				E951F3522C80AAA500AB25FF /* Album.swift in Sources */,
				E951F3672C80BE6600AB25FF /* Previewer.swift in Sources */,
				E910B6C62C8674D000BA2C24 /* ListArtistView.swift in Sources */,
				E951F35A2C80AAD900AB25FF /* PocketState.swift in Sources */,
				E951F3602C80AAF700AB25FF /* Credit.swift in Sources */,
				E951F3562C80AABD00AB25FF /* LabelGroup.swift in Sources */,
				E951F3542C80AAB200AB25FF /* Track.swift in Sources */,
				E951F3712C825BB500AB25FF /* ListAlbumView.swift in Sources */,
				E951F3862C84827200AB25FF /* ListContextArtistView.swift in Sources */,
				E951F3802C83577C00AB25FF /* AddOrEditBoughtView.swift in Sources */,
				E951F3632C80B0D800AB25FF /* AddOrEditVinylView.swift in Sources */,
			);
			runOnlyForDeploymentPostprocessing = 0;
		};
		E9D3B72B2C6A3D0B00862236 /* Sources */ = {
			isa = PBXSourcesBuildPhase;
			buildActionMask = 2147483647;
			files = (
				E9D3B7342C6A3D0B00862236 /* VinylventoryTests.swift in Sources */,
			);
			runOnlyForDeploymentPostprocessing = 0;
		};
		E9D3B7352C6A3D0B00862236 /* Sources */ = {
			isa = PBXSourcesBuildPhase;
			buildActionMask = 2147483647;
			files = (
				E9D3B73E2C6A3D0B00862236 /* VinylventoryUITests.swift in Sources */,
				E9D3B7402C6A3D0B00862236 /* VinylventoryUITestsLaunchTests.swift in Sources */,
			);
			runOnlyForDeploymentPostprocessing = 0;
		};
/* End PBXSourcesBuildPhase section */

/* Begin PBXTargetDependency section */
		E9D3B7312C6A3D0B00862236 /* PBXTargetDependency */ = {
			isa = PBXTargetDependency;
			target = E9D3B71E2C6A3D0A00862236 /* Vinylventory */;
			targetProxy = E9D3B7302C6A3D0B00862236 /* PBXContainerItemProxy */;
		};
		E9D3B73B2C6A3D0B00862236 /* PBXTargetDependency */ = {
			isa = PBXTargetDependency;
			target = E9D3B71E2C6A3D0A00862236 /* Vinylventory */;
			targetProxy = E9D3B73A2C6A3D0B00862236 /* PBXContainerItemProxy */;
		};
/* End PBXTargetDependency section */

/* Begin XCBuildConfiguration section */
		E9D3B7412C6A3D0B00862236 /* Debug */ = {
			isa = XCBuildConfiguration;
			buildSettings = {
				ALWAYS_SEARCH_USER_PATHS = NO;
				ASSETCATALOG_COMPILER_GENERATE_SWIFT_ASSET_SYMBOL_EXTENSIONS = YES;
				CLANG_ANALYZER_NONNULL = YES;
				CLANG_ANALYZER_NUMBER_OBJECT_CONVERSION = YES_AGGRESSIVE;
				CLANG_CXX_LANGUAGE_STANDARD = "gnu++20";
				CLANG_ENABLE_MODULES = YES;
				CLANG_ENABLE_OBJC_ARC = YES;
				CLANG_ENABLE_OBJC_WEAK = YES;
				CLANG_WARN_BLOCK_CAPTURE_AUTORELEASING = YES;
				CLANG_WARN_BOOL_CONVERSION = YES;
				CLANG_WARN_COMMA = YES;
				CLANG_WARN_CONSTANT_CONVERSION = YES;
				CLANG_WARN_DEPRECATED_OBJC_IMPLEMENTATIONS = YES;
				CLANG_WARN_DIRECT_OBJC_ISA_USAGE = YES_ERROR;
				CLANG_WARN_DOCUMENTATION_COMMENTS = YES;
				CLANG_WARN_EMPTY_BODY = YES;
				CLANG_WARN_ENUM_CONVERSION = YES;
				CLANG_WARN_INFINITE_RECURSION = YES;
				CLANG_WARN_INT_CONVERSION = YES;
				CLANG_WARN_NON_LITERAL_NULL_CONVERSION = YES;
				CLANG_WARN_OBJC_IMPLICIT_RETAIN_SELF = YES;
				CLANG_WARN_OBJC_LITERAL_CONVERSION = YES;
				CLANG_WARN_OBJC_ROOT_CLASS = YES_ERROR;
				CLANG_WARN_QUOTED_INCLUDE_IN_FRAMEWORK_HEADER = YES;
				CLANG_WARN_RANGE_LOOP_ANALYSIS = YES;
				CLANG_WARN_STRICT_PROTOTYPES = YES;
				CLANG_WARN_SUSPICIOUS_MOVE = YES;
				CLANG_WARN_UNGUARDED_AVAILABILITY = YES_AGGRESSIVE;
				CLANG_WARN_UNREACHABLE_CODE = YES;
				CLANG_WARN__DUPLICATE_METHOD_MATCH = YES;
				COPY_PHASE_STRIP = NO;
				DEBUG_INFORMATION_FORMAT = dwarf;
				ENABLE_STRICT_OBJC_MSGSEND = YES;
				ENABLE_TESTABILITY = YES;
				ENABLE_USER_SCRIPT_SANDBOXING = YES;
				GCC_C_LANGUAGE_STANDARD = gnu17;
				GCC_DYNAMIC_NO_PIC = NO;
				GCC_NO_COMMON_BLOCKS = YES;
				GCC_OPTIMIZATION_LEVEL = 0;
				GCC_PREPROCESSOR_DEFINITIONS = (
					"DEBUG=1",
					"$(inherited)",
				);
				GCC_WARN_64_TO_32_BIT_CONVERSION = YES;
				GCC_WARN_ABOUT_RETURN_TYPE = YES_ERROR;
				GCC_WARN_UNDECLARED_SELECTOR = YES;
				GCC_WARN_UNINITIALIZED_AUTOS = YES_AGGRESSIVE;
				GCC_WARN_UNUSED_FUNCTION = YES;
				GCC_WARN_UNUSED_VARIABLE = YES;
				IPHONEOS_DEPLOYMENT_TARGET = 17.5;
				LOCALIZATION_PREFERS_STRING_CATALOGS = YES;
				MTL_ENABLE_DEBUG_INFO = INCLUDE_SOURCE;
				MTL_FAST_MATH = YES;
				ONLY_ACTIVE_ARCH = YES;
				SDKROOT = iphoneos;
				SWIFT_ACTIVE_COMPILATION_CONDITIONS = "DEBUG $(inherited)";
				SWIFT_OPTIMIZATION_LEVEL = "-Onone";
			};
			name = Debug;
		};
		E9D3B7422C6A3D0B00862236 /* Release */ = {
			isa = XCBuildConfiguration;
			buildSettings = {
				ALWAYS_SEARCH_USER_PATHS = NO;
				ASSETCATALOG_COMPILER_GENERATE_SWIFT_ASSET_SYMBOL_EXTENSIONS = YES;
				CLANG_ANALYZER_NONNULL = YES;
				CLANG_ANALYZER_NUMBER_OBJECT_CONVERSION = YES_AGGRESSIVE;
				CLANG_CXX_LANGUAGE_STANDARD = "gnu++20";
				CLANG_ENABLE_MODULES = YES;
				CLANG_ENABLE_OBJC_ARC = YES;
				CLANG_ENABLE_OBJC_WEAK = YES;
				CLANG_WARN_BLOCK_CAPTURE_AUTORELEASING = YES;
				CLANG_WARN_BOOL_CONVERSION = YES;
				CLANG_WARN_COMMA = YES;
				CLANG_WARN_CONSTANT_CONVERSION = YES;
				CLANG_WARN_DEPRECATED_OBJC_IMPLEMENTATIONS = YES;
				CLANG_WARN_DIRECT_OBJC_ISA_USAGE = YES_ERROR;
				CLANG_WARN_DOCUMENTATION_COMMENTS = YES;
				CLANG_WARN_EMPTY_BODY = YES;
				CLANG_WARN_ENUM_CONVERSION = YES;
				CLANG_WARN_INFINITE_RECURSION = YES;
				CLANG_WARN_INT_CONVERSION = YES;
				CLANG_WARN_NON_LITERAL_NULL_CONVERSION = YES;
				CLANG_WARN_OBJC_IMPLICIT_RETAIN_SELF = YES;
				CLANG_WARN_OBJC_LITERAL_CONVERSION = YES;
				CLANG_WARN_OBJC_ROOT_CLASS = YES_ERROR;
				CLANG_WARN_QUOTED_INCLUDE_IN_FRAMEWORK_HEADER = YES;
				CLANG_WARN_RANGE_LOOP_ANALYSIS = YES;
				CLANG_WARN_STRICT_PROTOTYPES = YES;
				CLANG_WARN_SUSPICIOUS_MOVE = YES;
				CLANG_WARN_UNGUARDED_AVAILABILITY = YES_AGGRESSIVE;
				CLANG_WARN_UNREACHABLE_CODE = YES;
				CLANG_WARN__DUPLICATE_METHOD_MATCH = YES;
				COPY_PHASE_STRIP = NO;
				DEBUG_INFORMATION_FORMAT = "dwarf-with-dsym";
				ENABLE_NS_ASSERTIONS = NO;
				ENABLE_STRICT_OBJC_MSGSEND = YES;
				ENABLE_USER_SCRIPT_SANDBOXING = YES;
				GCC_C_LANGUAGE_STANDARD = gnu17;
				GCC_NO_COMMON_BLOCKS = YES;
				GCC_WARN_64_TO_32_BIT_CONVERSION = YES;
				GCC_WARN_ABOUT_RETURN_TYPE = YES_ERROR;
				GCC_WARN_UNDECLARED_SELECTOR = YES;
				GCC_WARN_UNINITIALIZED_AUTOS = YES_AGGRESSIVE;
				GCC_WARN_UNUSED_FUNCTION = YES;
				GCC_WARN_UNUSED_VARIABLE = YES;
				IPHONEOS_DEPLOYMENT_TARGET = 17.5;
				LOCALIZATION_PREFERS_STRING_CATALOGS = YES;
				MTL_ENABLE_DEBUG_INFO = NO;
				MTL_FAST_MATH = YES;
				SDKROOT = iphoneos;
				SWIFT_COMPILATION_MODE = wholemodule;
				VALIDATE_PRODUCT = YES;
			};
			name = Release;
		};
		E9D3B7442C6A3D0B00862236 /* Debug */ = {
			isa = XCBuildConfiguration;
			buildSettings = {
				ASSETCATALOG_COMPILER_APPICON_NAME = AppIcon;
				ASSETCATALOG_COMPILER_GLOBAL_ACCENT_COLOR_NAME = AccentColor;
				CODE_SIGN_ENTITLEMENTS = Vinylventory/Vinylventory.entitlements;
				CODE_SIGN_STYLE = Automatic;
				CURRENT_PROJECT_VERSION = 1;
				DEVELOPMENT_ASSET_PATHS = "\"Vinylventory/Preview Content\"";
				DEVELOPMENT_TEAM = 2Q47XJWJB9;
				ENABLE_PREVIEWS = YES;
				GENERATE_INFOPLIST_FILE = YES;
				INFOPLIST_FILE = Vinylventory/Info.plist;
				INFOPLIST_KEY_CFBundleDisplayName = Vinylventory;
				INFOPLIST_KEY_LSApplicationCategoryType = "public.app-category.productivity";
				INFOPLIST_KEY_NSCameraUsageDescription = "This app use the Camera to take illustrations of your vinyls.";
				INFOPLIST_KEY_NSMicrophoneUsageDescription = "This app use the Camera to take illustrations of your vinyls.";
				INFOPLIST_KEY_NSPhotoLibraryUsageDescription = "This app use the Library to take illustrations of your vinyls.";
				INFOPLIST_KEY_UIApplicationSceneManifest_Generation = YES;
				INFOPLIST_KEY_UIApplicationSupportsIndirectInputEvents = YES;
				INFOPLIST_KEY_UILaunchScreen_Generation = YES;
				INFOPLIST_KEY_UISupportedInterfaceOrientations = UIInterfaceOrientationPortrait;
				IPHONEOS_DEPLOYMENT_TARGET = 17.5;
				LD_RUNPATH_SEARCH_PATHS = (
					"$(inherited)",
					"@executable_path/Frameworks",
				);
				MARKETING_VERSION = 1.0;
				PRODUCT_BUNDLE_IDENTIFIER = com.advtools.Vinylventory;
				PRODUCT_NAME = "$(TARGET_NAME)";
				SUPPORTED_PLATFORMS = "iphoneos iphonesimulator";
				SUPPORTS_MACCATALYST = NO;
				SUPPORTS_MAC_DESIGNED_FOR_IPHONE_IPAD = NO;
				SUPPORTS_XR_DESIGNED_FOR_IPHONE_IPAD = NO;
				SWIFT_EMIT_LOC_STRINGS = YES;
				SWIFT_VERSION = 5.0;
				TARGETED_DEVICE_FAMILY = 1;
			};
			name = Debug;
		};
		E9D3B7452C6A3D0B00862236 /* Release */ = {
			isa = XCBuildConfiguration;
			buildSettings = {
				ASSETCATALOG_COMPILER_APPICON_NAME = AppIcon;
				ASSETCATALOG_COMPILER_GLOBAL_ACCENT_COLOR_NAME = AccentColor;
				CODE_SIGN_ENTITLEMENTS = Vinylventory/Vinylventory.entitlements;
				CODE_SIGN_STYLE = Automatic;
				CURRENT_PROJECT_VERSION = 1;
				DEVELOPMENT_ASSET_PATHS = "\"Vinylventory/Preview Content\"";
				DEVELOPMENT_TEAM = 2Q47XJWJB9;
				ENABLE_PREVIEWS = YES;
				GENERATE_INFOPLIST_FILE = YES;
				INFOPLIST_FILE = Vinylventory/Info.plist;
				INFOPLIST_KEY_CFBundleDisplayName = Vinylventory;
				INFOPLIST_KEY_LSApplicationCategoryType = "public.app-category.productivity";
				INFOPLIST_KEY_NSCameraUsageDescription = "This app use the Camera to take illustrations of your vinyls.";
				INFOPLIST_KEY_NSMicrophoneUsageDescription = "This app use the Camera to take illustrations of your vinyls.";
				INFOPLIST_KEY_NSPhotoLibraryUsageDescription = "This app use the Library to take illustrations of your vinyls.";
				INFOPLIST_KEY_UIApplicationSceneManifest_Generation = YES;
				INFOPLIST_KEY_UIApplicationSupportsIndirectInputEvents = YES;
				INFOPLIST_KEY_UILaunchScreen_Generation = YES;
				INFOPLIST_KEY_UISupportedInterfaceOrientations = UIInterfaceOrientationPortrait;
				IPHONEOS_DEPLOYMENT_TARGET = 17.5;
				LD_RUNPATH_SEARCH_PATHS = (
					"$(inherited)",
					"@executable_path/Frameworks",
				);
				MARKETING_VERSION = 1.0;
				PRODUCT_BUNDLE_IDENTIFIER = com.advtools.Vinylventory;
				PRODUCT_NAME = "$(TARGET_NAME)";
				SUPPORTED_PLATFORMS = "iphoneos iphonesimulator";
				SUPPORTS_MACCATALYST = NO;
				SUPPORTS_MAC_DESIGNED_FOR_IPHONE_IPAD = NO;
				SUPPORTS_XR_DESIGNED_FOR_IPHONE_IPAD = NO;
				SWIFT_EMIT_LOC_STRINGS = YES;
				SWIFT_VERSION = 5.0;
				TARGETED_DEVICE_FAMILY = 1;
			};
			name = Release;
		};
		E9D3B7472C6A3D0B00862236 /* Debug */ = {
			isa = XCBuildConfiguration;
			buildSettings = {
				ALWAYS_EMBED_SWIFT_STANDARD_LIBRARIES = YES;
				BUNDLE_LOADER = "$(TEST_HOST)";
				CODE_SIGN_STYLE = Automatic;
				CURRENT_PROJECT_VERSION = 1;
				DEVELOPMENT_TEAM = RJMJJMRUZT;
				GENERATE_INFOPLIST_FILE = YES;
				IPHONEOS_DEPLOYMENT_TARGET = 17.5;
				MARKETING_VERSION = 1.0;
				PRODUCT_BUNDLE_IDENTIFIER = CanardPoration.VinylventoryTests;
				PRODUCT_NAME = "$(TARGET_NAME)";
				SWIFT_EMIT_LOC_STRINGS = NO;
				SWIFT_VERSION = 5.0;
				TARGETED_DEVICE_FAMILY = "1,2";
				TEST_HOST = "$(BUILT_PRODUCTS_DIR)/Vinylventory.app/$(BUNDLE_EXECUTABLE_FOLDER_PATH)/Vinylventory";
			};
			name = Debug;
		};
		E9D3B7482C6A3D0B00862236 /* Release */ = {
			isa = XCBuildConfiguration;
			buildSettings = {
				ALWAYS_EMBED_SWIFT_STANDARD_LIBRARIES = YES;
				BUNDLE_LOADER = "$(TEST_HOST)";
				CODE_SIGN_STYLE = Automatic;
				CURRENT_PROJECT_VERSION = 1;
				DEVELOPMENT_TEAM = RJMJJMRUZT;
				GENERATE_INFOPLIST_FILE = YES;
				IPHONEOS_DEPLOYMENT_TARGET = 17.5;
				MARKETING_VERSION = 1.0;
				PRODUCT_BUNDLE_IDENTIFIER = CanardPoration.VinylventoryTests;
				PRODUCT_NAME = "$(TARGET_NAME)";
				SWIFT_EMIT_LOC_STRINGS = NO;
				SWIFT_VERSION = 5.0;
				TARGETED_DEVICE_FAMILY = "1,2";
				TEST_HOST = "$(BUILT_PRODUCTS_DIR)/Vinylventory.app/$(BUNDLE_EXECUTABLE_FOLDER_PATH)/Vinylventory";
			};
			name = Release;
		};
		E9D3B74A2C6A3D0B00862236 /* Debug */ = {
			isa = XCBuildConfiguration;
			buildSettings = {
				ALWAYS_EMBED_SWIFT_STANDARD_LIBRARIES = YES;
				CODE_SIGN_STYLE = Automatic;
				CURRENT_PROJECT_VERSION = 1;
				DEVELOPMENT_TEAM = RJMJJMRUZT;
				GENERATE_INFOPLIST_FILE = YES;
				MARKETING_VERSION = 1.0;
				PRODUCT_BUNDLE_IDENTIFIER = CanardPoration.VinylventoryUITests;
				PRODUCT_NAME = "$(TARGET_NAME)";
				SWIFT_EMIT_LOC_STRINGS = NO;
				SWIFT_VERSION = 5.0;
				TARGETED_DEVICE_FAMILY = "1,2";
				TEST_TARGET_NAME = Vinylventory;
			};
			name = Debug;
		};
		E9D3B74B2C6A3D0B00862236 /* Release */ = {
			isa = XCBuildConfiguration;
			buildSettings = {
				ALWAYS_EMBED_SWIFT_STANDARD_LIBRARIES = YES;
				CODE_SIGN_STYLE = Automatic;
				CURRENT_PROJECT_VERSION = 1;
				DEVELOPMENT_TEAM = RJMJJMRUZT;
				GENERATE_INFOPLIST_FILE = YES;
				MARKETING_VERSION = 1.0;
				PRODUCT_BUNDLE_IDENTIFIER = CanardPoration.VinylventoryUITests;
				PRODUCT_NAME = "$(TARGET_NAME)";
				SWIFT_EMIT_LOC_STRINGS = NO;
				SWIFT_VERSION = 5.0;
				TARGETED_DEVICE_FAMILY = "1,2";
				TEST_TARGET_NAME = Vinylventory;
			};
			name = Release;
		};
/* End XCBuildConfiguration section */

/* Begin XCConfigurationList section */
		E9D3B71A2C6A3D0A00862236 /* Build configuration list for PBXProject "Vinylventory" */ = {
			isa = XCConfigurationList;
			buildConfigurations = (
				E9D3B7412C6A3D0B00862236 /* Debug */,
				E9D3B7422C6A3D0B00862236 /* Release */,
			);
			defaultConfigurationIsVisible = 0;
			defaultConfigurationName = Release;
		};
		E9D3B7432C6A3D0B00862236 /* Build configuration list for PBXNativeTarget "Vinylventory" */ = {
			isa = XCConfigurationList;
			buildConfigurations = (
				E9D3B7442C6A3D0B00862236 /* Debug */,
				E9D3B7452C6A3D0B00862236 /* Release */,
			);
			defaultConfigurationIsVisible = 0;
			defaultConfigurationName = Release;
		};
		E9D3B7462C6A3D0B00862236 /* Build configuration list for PBXNativeTarget "VinylventoryTests" */ = {
			isa = XCConfigurationList;
			buildConfigurations = (
				E9D3B7472C6A3D0B00862236 /* Debug */,
				E9D3B7482C6A3D0B00862236 /* Release */,
			);
			defaultConfigurationIsVisible = 0;
			defaultConfigurationName = Release;
		};
		E9D3B7492C6A3D0B00862236 /* Build configuration list for PBXNativeTarget "VinylventoryUITests" */ = {
			isa = XCConfigurationList;
			buildConfigurations = (
				E9D3B74A2C6A3D0B00862236 /* Debug */,
				E9D3B74B2C6A3D0B00862236 /* Release */,
			);
			defaultConfigurationIsVisible = 0;
			defaultConfigurationName = Release;
		};
/* End XCConfigurationList section */
	};
	rootObject = E9D3B7172C6A3D0A00862236 /* Project object */;
}
