{
  "originHash" : "8c0a65c5c36ffb7c7b161982099b8766c6145889031e796934d33c814aad4a63",
  "pins" : [
    {
      "identity" : "alamofire",
      "kind" : "remoteSourceControl",
      "location" : "https://github.com/Alamofire/Alamofire.git",
      "state" : {
        "revision" : "f455c2975872ccd2d9c81594c658af65716e9b9a",
        "version" : "5.9.1"
      }
    },
    {
      "identity" : "apollo-ios",
      "kind" : "remoteSourceControl",
      "location" : "https://github.com/apollographql/apollo-ios.git",
      "state" : {
        "revision" : "104cc94e97741e71f5c8fc9709bf909c464a9702",
        "version" : "1.14.1"
      }
    },
    {
      "identity" : "capture",
      "kind" : "remoteSourceControl",
      "location" : "https://github.com/quentinfasquel/Capture.git",
      "state" : {
        "revision" : "b80317041b1e623ca2f6d14cc4a95c03c6c6a7bf",
        "version" : "0.2.0"
      }
    },
    {
      "identity" : "sqlite.swift",
      "kind" : "remoteSourceControl",
      "location" : "https://github.com/stephencelis/SQLite.swift.git",
      "state" : {
        "revision" : "a95fc6df17d108bd99210db5e8a9bac90fe984b8",
        "version" : "0.15.3"
      }
    }
  ],
  "version" : 3
}
